Microsoft Visual Studio Solution File, Format Version 12.00
# Visual Studio Version 17
VisualStudioVersion = 17.2.32210.308
MinimumVisualStudioVersion = 15.0.26124.0

Project("{2150E333-8FDC-42A3-9474-1A3956D46DE8}") = "Source", "Source", "{292B5BE8-7749-41D9-A23D-4D91A2406686}"
EndProject
Project("{2150E333-8FDC-42A3-9474-1A3956D46DE8}") = "Platforms", "Platforms", "{F8613CA9-E9F7-4B20-BBB7-8400702955A1}"
EndProject
Project("{2150E333-8FDC-42A3-9474-1A3956D46DE8}") = "Backend", "Backend", "{22DFF6B6-47EC-4F40-AFFD-1206F975157E}"
EndProject

Project("{9A19103F-16F7-4668-BE54-9A1E7A4F7556}") = "HanoiTower", "HanoiTower\HanoiTower.csproj", "{02A62205-ADDF-4452-8492-1628CB81E8F5}"
EndProject
Project("{9A19103F-16F7-4668-BE54-9A1E7A4F7556}") = "HanoiTower.Mobile", "HanoiTower.Mobile\HanoiTower.Mobile.csproj", "{511E5761-4A59-46B3-9D04-AB6E80D00BBD}"
EndProject
Project("{9A19103F-16F7-4668-BE54-9A1E7A4F7556}") = "HanoiTower.Wasm", "HanoiTower.Wasm\HanoiTower.Wasm.csproj", "{00D026CB-2D04-4896-AF9B-AA6FC8230CD1}"
EndProject
Project("{9A19103F-16F7-4668-BE54-9A1E7A4F7556}") = "HanoiTower.Skia.Gtk", "HanoiTower.Skia.Gtk\HanoiTower.Skia.Gtk.csproj", "{3E0727B9-E4BF-4A8A-9470-F30401D054FD}"
EndProject
Project("{9A19103F-16F7-4668-BE54-9A1E7A4F7556}") = "HanoiTower.Windows", "HanoiTower.Windows\HanoiTower.Windows.csproj", "{192AD058-0023-4716-8C69-DA3A5AFEB160}"
EndProject
Project("{9A19103F-16F7-4668-BE54-9A1E7A4F7556}") = "HanoiTower.Server", "HanoiTower.Server\HanoiTower.Server.csproj", "{57337504-4D16-43FA-9F09-C4A6A06AF592}"
EndProject

Project("{2150E333-8FDC-42A3-9474-1A3956D46DE8}") = "Solution Items", "Solution Items", "{BADA71DC-7FFD-4EDC-9F28-FB74AEADC713}"
	ProjectSection(SolutionItems) = preProject
		Directory.Build.props = Directory.Build.props
		Directory.Build.targets = Directory.Build.targets
		Directory.Packages.props = Directory.Packages.props
	EndProjectSection
EndProject
Global
	GlobalSection(SolutionConfigurationPlatforms) = preSolution
		Debug|Any CPU = Debug|Any CPU
		Debug|ARM = Debug|ARM
		Debug|ARM64 = Debug|ARM64
		Debug|iPhone = Debug|iPhone
		Debug|iPhoneSimulator = Debug|iPhoneSimulator
		Debug|x64 = Debug|x64
		Debug|x86 = Debug|x86
		Release|Any CPU = Release|Any CPU
		Release|ARM = Release|ARM
		Release|ARM64 = Release|ARM64
		Release|iPhone = Release|iPhone
		Release|iPhoneSimulator = Release|iPhoneSimulator
		Release|x64 = Release|x64
		Release|x86 = Release|x86
	EndGlobalSection
	GlobalSection(ProjectConfigurationPlatforms) = postSolution
		{511E5761-4A59-46B3-9D04-AB6E80D00BBD}.Debug|Any CPU.ActiveCfg = Debug|Any CPU
		{511E5761-4A59-46B3-9D04-AB6E80D00BBD}.Debug|Any CPU.Build.0 = Debug|Any CPU
		{511E5761-4A59-46B3-9D04-AB6E80D00BBD}.Debug|Any CPU.Deploy.0 = Debug|Any CPU
		{511E5761-4A59-46B3-9D04-AB6E80D00BBD}.Debug|ARM.ActiveCfg = Debug|Any CPU
		{511E5761-4A59-46B3-9D04-AB6E80D00BBD}.Debug|ARM.Build.0 = Debug|Any CPU
		{511E5761-4A59-46B3-9D04-AB6E80D00BBD}.Debug|ARM.Deploy.0 = Debug|Any CPU
		{511E5761-4A59-46B3-9D04-AB6E80D00BBD}.Debug|ARM64.ActiveCfg = Debug|Any CPU
		{511E5761-4A59-46B3-9D04-AB6E80D00BBD}.Debug|ARM64.Build.0 = Debug|Any CPU
		{511E5761-4A59-46B3-9D04-AB6E80D00BBD}.Debug|ARM64.Deploy.0 = Debug|Any CPU
		{511E5761-4A59-46B3-9D04-AB6E80D00BBD}.Debug|iPhone.ActiveCfg = Debug|Any CPU
		{511E5761-4A59-46B3-9D04-AB6E80D00BBD}.Debug|iPhone.Build.0 = Debug|Any CPU
		{511E5761-4A59-46B3-9D04-AB6E80D00BBD}.Debug|iPhone.Deploy.0 = Debug|Any CPU
		{511E5761-4A59-46B3-9D04-AB6E80D00BBD}.Debug|iPhoneSimulator.ActiveCfg = Debug|Any CPU
		{511E5761-4A59-46B3-9D04-AB6E80D00BBD}.Debug|iPhoneSimulator.Build.0 = Debug|Any CPU
		{511E5761-4A59-46B3-9D04-AB6E80D00BBD}.Debug|iPhoneSimulator.Deploy.0 = Debug|Any CPU
		{511E5761-4A59-46B3-9D04-AB6E80D00BBD}.Debug|x64.ActiveCfg = Debug|Any CPU
		{511E5761-4A59-46B3-9D04-AB6E80D00BBD}.Debug|x64.Build.0 = Debug|Any CPU
		{511E5761-4A59-46B3-9D04-AB6E80D00BBD}.Debug|x64.Deploy.0 = Debug|Any CPU
		{511E5761-4A59-46B3-9D04-AB6E80D00BBD}.Debug|x86.ActiveCfg = Debug|Any CPU
		{511E5761-4A59-46B3-9D04-AB6E80D00BBD}.Debug|x86.Build.0 = Debug|Any CPU
		{511E5761-4A59-46B3-9D04-AB6E80D00BBD}.Debug|x86.Deploy.0 = Debug|Any CPU
		{511E5761-4A59-46B3-9D04-AB6E80D00BBD}.Release|Any CPU.ActiveCfg = Release|Any CPU
		{511E5761-4A59-46B3-9D04-AB6E80D00BBD}.Release|Any CPU.Build.0 = Release|Any CPU
		{511E5761-4A59-46B3-9D04-AB6E80D00BBD}.Release|Any CPU.Deploy.0 = Release|Any CPU
		{511E5761-4A59-46B3-9D04-AB6E80D00BBD}.Release|ARM.ActiveCfg = Release|Any CPU
		{511E5761-4A59-46B3-9D04-AB6E80D00BBD}.Release|ARM.Build.0 = Release|Any CPU
		{511E5761-4A59-46B3-9D04-AB6E80D00BBD}.Release|ARM.Deploy.0 = Release|Any CPU
		{511E5761-4A59-46B3-9D04-AB6E80D00BBD}.Release|ARM64.ActiveCfg = Release|Any CPU
		{511E5761-4A59-46B3-9D04-AB6E80D00BBD}.Release|ARM64.Build.0 = Release|Any CPU
		{511E5761-4A59-46B3-9D04-AB6E80D00BBD}.Release|ARM64.Deploy.0 = Release|Any CPU
		{511E5761-4A59-46B3-9D04-AB6E80D00BBD}.Release|iPhone.ActiveCfg = Release|Any CPU
		{511E5761-4A59-46B3-9D04-AB6E80D00BBD}.Release|iPhone.Build.0 = Release|Any CPU
		{511E5761-4A59-46B3-9D04-AB6E80D00BBD}.Release|iPhone.Deploy.0 = Release|Any CPU
		{511E5761-4A59-46B3-9D04-AB6E80D00BBD}.Release|iPhoneSimulator.ActiveCfg = Release|Any CPU
		{511E5761-4A59-46B3-9D04-AB6E80D00BBD}.Release|iPhoneSimulator.Build.0 = Release|Any CPU
		{511E5761-4A59-46B3-9D04-AB6E80D00BBD}.Release|iPhoneSimulator.Deploy.0 = Release|Any CPU
		{511E5761-4A59-46B3-9D04-AB6E80D00BBD}.Release|x64.ActiveCfg = Release|Any CPU
		{511E5761-4A59-46B3-9D04-AB6E80D00BBD}.Release|x64.Build.0 = Release|Any CPU
		{511E5761-4A59-46B3-9D04-AB6E80D00BBD}.Release|x64.Deploy.0 = Release|Any CPU
		{511E5761-4A59-46B3-9D04-AB6E80D00BBD}.Release|x86.ActiveCfg = Release|Any CPU
		{511E5761-4A59-46B3-9D04-AB6E80D00BBD}.Release|x86.Build.0 = Release|Any CPU
		{511E5761-4A59-46B3-9D04-AB6E80D00BBD}.Release|x86.Deploy.0 = Release|Any CPU
		{00D026CB-2D04-4896-AF9B-AA6FC8230CD1}.Debug|Any CPU.ActiveCfg = Debug|Any CPU
		{00D026CB-2D04-4896-AF9B-AA6FC8230CD1}.Debug|Any CPU.Build.0 = Debug|Any CPU
		{00D026CB-2D04-4896-AF9B-AA6FC8230CD1}.Debug|ARM.ActiveCfg = Debug|Any CPU
		{00D026CB-2D04-4896-AF9B-AA6FC8230CD1}.Debug|ARM.Build.0 = Debug|Any CPU
		{00D026CB-2D04-4896-AF9B-AA6FC8230CD1}.Debug|ARM64.ActiveCfg = Debug|Any CPU
		{00D026CB-2D04-4896-AF9B-AA6FC8230CD1}.Debug|ARM64.Build.0 = Debug|Any CPU
		{00D026CB-2D04-4896-AF9B-AA6FC8230CD1}.Debug|iPhone.ActiveCfg = Debug|Any CPU
		{00D026CB-2D04-4896-AF9B-AA6FC8230CD1}.Debug|iPhone.Build.0 = Debug|Any CPU
		{00D026CB-2D04-4896-AF9B-AA6FC8230CD1}.Debug|iPhoneSimulator.ActiveCfg = Debug|Any CPU
		{00D026CB-2D04-4896-AF9B-AA6FC8230CD1}.Debug|iPhoneSimulator.Build.0 = Debug|Any CPU
		{00D026CB-2D04-4896-AF9B-AA6FC8230CD1}.Debug|x64.ActiveCfg = Debug|Any CPU
		{00D026CB-2D04-4896-AF9B-AA6FC8230CD1}.Debug|x64.Build.0 = Debug|Any CPU
		{00D026CB-2D04-4896-AF9B-AA6FC8230CD1}.Debug|x86.ActiveCfg = Debug|Any CPU
		{00D026CB-2D04-4896-AF9B-AA6FC8230CD1}.Debug|x86.Build.0 = Debug|Any CPU
		{00D026CB-2D04-4896-AF9B-AA6FC8230CD1}.Release|Any CPU.ActiveCfg = Release|Any CPU
		{00D026CB-2D04-4896-AF9B-AA6FC8230CD1}.Release|Any CPU.Build.0 = Release|Any CPU
		{00D026CB-2D04-4896-AF9B-AA6FC8230CD1}.Release|ARM.ActiveCfg = Release|Any CPU
		{00D026CB-2D04-4896-AF9B-AA6FC8230CD1}.Release|ARM.Build.0 = Release|Any CPU
		{00D026CB-2D04-4896-AF9B-AA6FC8230CD1}.Release|ARM64.ActiveCfg = Release|Any CPU
		{00D026CB-2D04-4896-AF9B-AA6FC8230CD1}.Release|ARM64.Build.0 = Release|Any CPU
		{00D026CB-2D04-4896-AF9B-AA6FC8230CD1}.Release|iPhone.ActiveCfg = Release|Any CPU
		{00D026CB-2D04-4896-AF9B-AA6FC8230CD1}.Release|iPhone.Build.0 = Release|Any CPU
		{00D026CB-2D04-4896-AF9B-AA6FC8230CD1}.Release|iPhoneSimulator.ActiveCfg = Release|Any CPU
		{00D026CB-2D04-4896-AF9B-AA6FC8230CD1}.Release|iPhoneSimulator.Build.0 = Release|Any CPU
		{00D026CB-2D04-4896-AF9B-AA6FC8230CD1}.Release|x64.ActiveCfg = Release|Any CPU
		{00D026CB-2D04-4896-AF9B-AA6FC8230CD1}.Release|x64.Build.0 = Release|Any CPU
		{00D026CB-2D04-4896-AF9B-AA6FC8230CD1}.Release|x86.ActiveCfg = Release|Any CPU
		{00D026CB-2D04-4896-AF9B-AA6FC8230CD1}.Release|x86.Build.0 = Release|Any CPU
		{3E0727B9-E4BF-4A8A-9470-F30401D054FD}.Debug|Any CPU.ActiveCfg = Debug|Any CPU
		{3E0727B9-E4BF-4A8A-9470-F30401D054FD}.Debug|Any CPU.Build.0 = Debug|Any CPU
		{3E0727B9-E4BF-4A8A-9470-F30401D054FD}.Debug|ARM.ActiveCfg = Debug|Any CPU
		{3E0727B9-E4BF-4A8A-9470-F30401D054FD}.Debug|ARM.Build.0 = Debug|Any CPU
		{3E0727B9-E4BF-4A8A-9470-F30401D054FD}.Debug|ARM64.ActiveCfg = Debug|Any CPU
		{3E0727B9-E4BF-4A8A-9470-F30401D054FD}.Debug|ARM64.Build.0 = Debug|Any CPU
		{3E0727B9-E4BF-4A8A-9470-F30401D054FD}.Debug|iPhone.ActiveCfg = Debug|Any CPU
		{3E0727B9-E4BF-4A8A-9470-F30401D054FD}.Debug|iPhone.Build.0 = Debug|Any CPU
		{3E0727B9-E4BF-4A8A-9470-F30401D054FD}.Debug|iPhoneSimulator.ActiveCfg = Debug|Any CPU
		{3E0727B9-E4BF-4A8A-9470-F30401D054FD}.Debug|iPhoneSimulator.Build.0 = Debug|Any CPU
		{3E0727B9-E4BF-4A8A-9470-F30401D054FD}.Debug|x64.ActiveCfg = Debug|Any CPU
		{3E0727B9-E4BF-4A8A-9470-F30401D054FD}.Debug|x64.Build.0 = Debug|Any CPU
		{3E0727B9-E4BF-4A8A-9470-F30401D054FD}.Debug|x86.ActiveCfg = Debug|Any CPU
		{3E0727B9-E4BF-4A8A-9470-F30401D054FD}.Debug|x86.Build.0 = Debug|Any CPU
		{3E0727B9-E4BF-4A8A-9470-F30401D054FD}.Release|Any CPU.ActiveCfg = Release|Any CPU
		{3E0727B9-E4BF-4A8A-9470-F30401D054FD}.Release|Any CPU.Build.0 = Release|Any CPU
		{3E0727B9-E4BF-4A8A-9470-F30401D054FD}.Release|ARM.ActiveCfg = Release|Any CPU
		{3E0727B9-E4BF-4A8A-9470-F30401D054FD}.Release|ARM.Build.0 = Release|Any CPU
		{3E0727B9-E4BF-4A8A-9470-F30401D054FD}.Release|ARM64.ActiveCfg = Release|Any CPU
		{3E0727B9-E4BF-4A8A-9470-F30401D054FD}.Release|ARM64.Build.0 = Release|Any CPU
		{3E0727B9-E4BF-4A8A-9470-F30401D054FD}.Release|iPhone.ActiveCfg = Release|Any CPU
		{3E0727B9-E4BF-4A8A-9470-F30401D054FD}.Release|iPhone.Build.0 = Release|Any CPU
		{3E0727B9-E4BF-4A8A-9470-F30401D054FD}.Release|iPhoneSimulator.ActiveCfg = Release|Any CPU
		{3E0727B9-E4BF-4A8A-9470-F30401D054FD}.Release|iPhoneSimulator.Build.0 = Release|Any CPU
		{3E0727B9-E4BF-4A8A-9470-F30401D054FD}.Release|x64.ActiveCfg = Release|Any CPU
		{3E0727B9-E4BF-4A8A-9470-F30401D054FD}.Release|x64.Build.0 = Release|Any CPU
		{3E0727B9-E4BF-4A8A-9470-F30401D054FD}.Release|x86.ActiveCfg = Release|Any CPU
		{3E0727B9-E4BF-4A8A-9470-F30401D054FD}.Release|x86.Build.0 = Release|Any CPU
		{57337504-4D16-43FA-9F09-C4A6A06AF592}.Debug|Any CPU.ActiveCfg = Debug|Any CPU
		{57337504-4D16-43FA-9F09-C4A6A06AF592}.Debug|Any CPU.Build.0 = Debug|Any CPU
		{57337504-4D16-43FA-9F09-C4A6A06AF592}.Debug|ARM.ActiveCfg = Debug|Any CPU
		{57337504-4D16-43FA-9F09-C4A6A06AF592}.Debug|ARM.Build.0 = Debug|Any CPU
		{57337504-4D16-43FA-9F09-C4A6A06AF592}.Debug|ARM64.ActiveCfg = Debug|Any CPU
		{57337504-4D16-43FA-9F09-C4A6A06AF592}.Debug|ARM64.Build.0 = Debug|Any CPU
		{57337504-4D16-43FA-9F09-C4A6A06AF592}.Debug|iPhone.ActiveCfg = Debug|Any CPU
		{57337504-4D16-43FA-9F09-C4A6A06AF592}.Debug|iPhone.Build.0 = Debug|Any CPU
		{57337504-4D16-43FA-9F09-C4A6A06AF592}.Debug|iPhoneSimulator.ActiveCfg = Debug|Any CPU
		{57337504-4D16-43FA-9F09-C4A6A06AF592}.Debug|iPhoneSimulator.Build.0 = Debug|Any CPU
		{57337504-4D16-43FA-9F09-C4A6A06AF592}.Debug|x64.ActiveCfg = Debug|Any CPU
		{57337504-4D16-43FA-9F09-C4A6A06AF592}.Debug|x64.Build.0 = Debug|Any CPU
		{57337504-4D16-43FA-9F09-C4A6A06AF592}.Debug|x86.ActiveCfg = Debug|Any CPU
		{57337504-4D16-43FA-9F09-C4A6A06AF592}.Debug|x86.Build.0 = Debug|Any CPU
		{57337504-4D16-43FA-9F09-C4A6A06AF592}.Release|Any CPU.ActiveCfg = Release|Any CPU
		{57337504-4D16-43FA-9F09-C4A6A06AF592}.Release|Any CPU.Build.0 = Release|Any CPU
		{57337504-4D16-43FA-9F09-C4A6A06AF592}.Release|ARM.ActiveCfg = Release|Any CPU
		{57337504-4D16-43FA-9F09-C4A6A06AF592}.Release|ARM.Build.0 = Release|Any CPU
		{57337504-4D16-43FA-9F09-C4A6A06AF592}.Release|ARM64.ActiveCfg = Release|Any CPU
		{57337504-4D16-43FA-9F09-C4A6A06AF592}.Release|ARM64.Build.0 = Release|Any CPU
		{57337504-4D16-43FA-9F09-C4A6A06AF592}.Release|iPhone.ActiveCfg = Release|Any CPU
		{57337504-4D16-43FA-9F09-C4A6A06AF592}.Release|iPhone.Build.0 = Release|Any CPU
		{57337504-4D16-43FA-9F09-C4A6A06AF592}.Release|iPhoneSimulator.ActiveCfg = Release|Any CPU
		{57337504-4D16-43FA-9F09-C4A6A06AF592}.Release|iPhoneSimulator.Build.0 = Release|Any CPU
		{57337504-4D16-43FA-9F09-C4A6A06AF592}.Release|x64.ActiveCfg = Release|Any CPU
		{57337504-4D16-43FA-9F09-C4A6A06AF592}.Release|x64.Build.0 = Release|Any CPU
		{57337504-4D16-43FA-9F09-C4A6A06AF592}.Release|x86.ActiveCfg = Release|Any CPU
		{57337504-4D16-43FA-9F09-C4A6A06AF592}.Release|x86.Build.0 = Release|Any CPU
		{02A62205-ADDF-4452-8492-1628CB81E8F5}.Debug|Any CPU.ActiveCfg = Debug|Any CPU
		{02A62205-ADDF-4452-8492-1628CB81E8F5}.Debug|Any CPU.Build.0 = Debug|Any CPU
		{02A62205-ADDF-4452-8492-1628CB81E8F5}.Debug|ARM.ActiveCfg = Debug|Any CPU
		{02A62205-ADDF-4452-8492-1628CB81E8F5}.Debug|ARM.Build.0 = Debug|Any CPU
		{02A62205-ADDF-4452-8492-1628CB81E8F5}.Debug|ARM64.ActiveCfg = Debug|Any CPU
		{02A62205-ADDF-4452-8492-1628CB81E8F5}.Debug|ARM64.Build.0 = Debug|Any CPU
		{02A62205-ADDF-4452-8492-1628CB81E8F5}.Debug|iPhone.ActiveCfg = Debug|Any CPU
		{02A62205-ADDF-4452-8492-1628CB81E8F5}.Debug|iPhone.Build.0 = Debug|Any CPU
		{02A62205-ADDF-4452-8492-1628CB81E8F5}.Debug|iPhoneSimulator.ActiveCfg = Debug|Any CPU
		{02A62205-ADDF-4452-8492-1628CB81E8F5}.Debug|iPhoneSimulator.Build.0 = Debug|Any CPU
		{02A62205-ADDF-4452-8492-1628CB81E8F5}.Debug|x64.ActiveCfg = Debug|Any CPU
		{02A62205-ADDF-4452-8492-1628CB81E8F5}.Debug|x64.Build.0 = Debug|Any CPU
		{02A62205-ADDF-4452-8492-1628CB81E8F5}.Debug|x86.ActiveCfg = Debug|Any CPU
		{02A62205-ADDF-4452-8492-1628CB81E8F5}.Debug|x86.Build.0 = Debug|Any CPU
		{02A62205-ADDF-4452-8492-1628CB81E8F5}.Release|Any CPU.ActiveCfg = Release|Any CPU
		{02A62205-ADDF-4452-8492-1628CB81E8F5}.Release|Any CPU.Build.0 = Release|Any CPU
		{02A62205-ADDF-4452-8492-1628CB81E8F5}.Release|ARM.ActiveCfg = Release|Any CPU
		{02A62205-ADDF-4452-8492-1628CB81E8F5}.Release|ARM.Build.0 = Release|Any CPU
		{02A62205-ADDF-4452-8492-1628CB81E8F5}.Release|ARM64.ActiveCfg = Release|Any CPU
		{02A62205-ADDF-4452-8492-1628CB81E8F5}.Release|ARM64.Build.0 = Release|Any CPU
		{02A62205-ADDF-4452-8492-1628CB81E8F5}.Release|iPhone.ActiveCfg = Release|Any CPU
		{02A62205-ADDF-4452-8492-1628CB81E8F5}.Release|iPhone.Build.0 = Release|Any CPU
		{02A62205-ADDF-4452-8492-1628CB81E8F5}.Release|iPhoneSimulator.ActiveCfg = Release|Any CPU
		{02A62205-ADDF-4452-8492-1628CB81E8F5}.Release|iPhoneSimulator.Build.0 = Release|Any CPU
		{02A62205-ADDF-4452-8492-1628CB81E8F5}.Release|x64.ActiveCfg = Release|Any CPU
		{02A62205-ADDF-4452-8492-1628CB81E8F5}.Release|x64.Build.0 = Release|Any CPU
		{02A62205-ADDF-4452-8492-1628CB81E8F5}.Release|x86.ActiveCfg = Release|Any CPU
		{02A62205-ADDF-4452-8492-1628CB81E8F5}.Release|x86.Build.0 = Release|Any CPU
		{192AD058-0023-4716-8C69-DA3A5AFEB160}.Debug|Any CPU.ActiveCfg = Debug|x64
		{192AD058-0023-4716-8C69-DA3A5AFEB160}.Debug|Any CPU.Build.0 = Debug|x64
		{192AD058-0023-4716-8C69-DA3A5AFEB160}.Debug|Any CPU.Deploy.0 = Debug|x64
		{192AD058-0023-4716-8C69-DA3A5AFEB160}.Debug|ARM.ActiveCfg = Debug|x64
		{192AD058-0023-4716-8C69-DA3A5AFEB160}.Debug|ARM.Build.0 = Debug|x64
		{192AD058-0023-4716-8C69-DA3A5AFEB160}.Debug|ARM.Deploy.0 = Debug|x64
		{192AD058-0023-4716-8C69-DA3A5AFEB160}.Debug|ARM64.ActiveCfg = Debug|arm64
		{192AD058-0023-4716-8C69-DA3A5AFEB160}.Debug|ARM64.Build.0 = Debug|arm64
		{192AD058-0023-4716-8C69-DA3A5AFEB160}.Debug|ARM64.Deploy.0 = Debug|arm64
		{192AD058-0023-4716-8C69-DA3A5AFEB160}.Debug|iPhone.ActiveCfg = Debug|x64
		{192AD058-0023-4716-8C69-DA3A5AFEB160}.Debug|iPhone.Build.0 = Debug|x64
		{192AD058-0023-4716-8C69-DA3A5AFEB160}.Debug|iPhone.Deploy.0 = Debug|x64
		{192AD058-0023-4716-8C69-DA3A5AFEB160}.Debug|iPhoneSimulator.ActiveCfg = Debug|x64
		{192AD058-0023-4716-8C69-DA3A5AFEB160}.Debug|iPhoneSimulator.Build.0 = Debug|x64
		{192AD058-0023-4716-8C69-DA3A5AFEB160}.Debug|iPhoneSimulator.Deploy.0 = Debug|x64
		{192AD058-0023-4716-8C69-DA3A5AFEB160}.Debug|x64.ActiveCfg = Debug|x64
		{192AD058-0023-4716-8C69-DA3A5AFEB160}.Debug|x64.Build.0 = Debug|x64
		{192AD058-0023-4716-8C69-DA3A5AFEB160}.Debug|x86.ActiveCfg = Debug|x86
		{192AD058-0023-4716-8C69-DA3A5AFEB160}.Debug|x86.Build.0 = Debug|x86
		{192AD058-0023-4716-8C69-DA3A5AFEB160}.Release|Any CPU.ActiveCfg = Release|x64
		{192AD058-0023-4716-8C69-DA3A5AFEB160}.Release|Any CPU.Build.0 = Release|x64
		{192AD058-0023-4716-8C69-DA3A5AFEB160}.Release|Any CPU.Deploy.0 = Release|x64
		{192AD058-0023-4716-8C69-DA3A5AFEB160}.Release|ARM.ActiveCfg = Release|x64
		{192AD058-0023-4716-8C69-DA3A5AFEB160}.Release|ARM.Build.0 = Release|x64
		{192AD058-0023-4716-8C69-DA3A5AFEB160}.Release|ARM64.ActiveCfg = Release|arm64
		{192AD058-0023-4716-8C69-DA3A5AFEB160}.Release|ARM64.Build.0 = Release|arm64
		{192AD058-0023-4716-8C69-DA3A5AFEB160}.Release|iPhone.ActiveCfg = Release|x64
		{192AD058-0023-4716-8C69-DA3A5AFEB160}.Release|iPhone.Build.0 = Release|x64
		{192AD058-0023-4716-8C69-DA3A5AFEB160}.Release|iPhoneSimulator.ActiveCfg = Release|x64
		{192AD058-0023-4716-8C69-DA3A5AFEB160}.Release|iPhoneSimulator.Build.0 = Release|x64
		{192AD058-0023-4716-8C69-DA3A5AFEB160}.Release|x64.ActiveCfg = Release|x64
		{192AD058-0023-4716-8C69-DA3A5AFEB160}.Release|x64.Build.0 = Release|x64
		{192AD058-0023-4716-8C69-DA3A5AFEB160}.Release|x86.ActiveCfg = Release|x86
		{192AD058-0023-4716-8C69-DA3A5AFEB160}.Release|x86.Build.0 = Release|x86
	EndGlobalSection
	GlobalSection(SolutionProperties) = preSolution
		HideSolutionNode = FALSE
	EndGlobalSection
	GlobalSection(NestedProjects) = preSolution
		{02A62205-ADDF-4452-8492-1628CB81E8F5} = {292B5BE8-7749-41D9-A23D-4D91A2406686}
		{F8613CA9-E9F7-4B20-BBB7-8400702955A1} = {292B5BE8-7749-41D9-A23D-4D91A2406686}
		{22DFF6B6-47EC-4F40-AFFD-1206F975157E} = {292B5BE8-7749-41D9-A23D-4D91A2406686}
		{511E5761-4A59-46B3-9D04-AB6E80D00BBD} = {F8613CA9-E9F7-4B20-BBB7-8400702955A1}
		{00D026CB-2D04-4896-AF9B-AA6FC8230CD1} = {F8613CA9-E9F7-4B20-BBB7-8400702955A1}
		{3E0727B9-E4BF-4A8A-9470-F30401D054FD} = {F8613CA9-E9F7-4B20-BBB7-8400702955A1}
		{192AD058-0023-4716-8C69-DA3A5AFEB160} = {F8613CA9-E9F7-4B20-BBB7-8400702955A1}
		{57337504-4D16-43FA-9F09-C4A6A06AF592} = {22DFF6B6-47EC-4F40-AFFD-1206F975157E}
	EndGlobalSection
	GlobalSection(ExtensibilityGlobals) = postSolution
		SolutionGuid = {1B2802A3-04B8-4FBD-9E62-E8B9D5B96C5D}
	EndGlobalSection
EndGlobal
